
Microsoft Visual Studio Solution File, Format Version 12.00
# Visual Studio Version 16
VisualStudioVersion = 16.0.29215.179
MinimumVisualStudioVersion = 10.0.40219.1
Project("{FAE04EC0-301F-11D3-BF4B-00C04F79EFBC}") = "TodoAPI", "TodoAPI.csproj", "{0BCB74C3-6139-43E9-A02B-4E640D875FB6}"
EndProject
Global
	GlobalSection(SolutionConfigurationPlatforms) = preSolution
		Debug|Any CPU = Debug|Any CPU
		Release|Any CPU = Release|Any CPU
	EndGlobalSection
	GlobalSection(ProjectConfigurationPlatforms) = postSolution
		{0BCB74C3-6139-43E9-A02B-4E640D875FB6}.Debug|Any CPU.ActiveCfg = Debug|Any CPU
		{0BCB74C3-6139-43E9-A02B-4E640D875FB6}.Debug|Any CPU.Build.0 = Debug|Any CPU
		{0BCB74C3-6139-43E9-A02B-4E640D875FB6}.Release|Any CPU.ActiveCfg = Release|Any CPU
		{0BCB74C3-6139-43E9-A02B-4E640D875FB6}.Release|Any CPU.Build.0 = Release|Any CPU
	EndGlobalSection
	GlobalSection(SolutionProperties) = preSolution
		HideSolutionNode = FALSE
	EndGlobalSection
	GlobalSection(ExtensibilityGlobals) = postSolution
		SolutionGuid = {B750E8B9-A878-4518-B87A-EDD6D8542AA3}
	EndGlobalSection
EndGlobal
